
Microsoft Visual Studio Solution File, Format Version 12.00
# Visual Studio Version 16
VisualStudioVersion = 16.0.30011.22
MinimumVisualStudioVersion = 10.0.40219.1
Project("{FAE04EC0-301F-11D3-BF4B-00C04F79EFBC}") = "StarageNA20", "StarageNA20\StarageNA20.csproj", "{871C7880-8E1B-4CD9-8D51-C4555EB95514}"
EndProject
Global
	GlobalSection(SolutionConfigurationPlatforms) = preSolution
		Debug|Any CPU = Debug|Any CPU
		Release|Any CPU = Release|Any CPU
	EndGlobalSection
	GlobalSection(ProjectConfigurationPlatforms) = postSolution
		{871C7880-8E1B-4CD9-8D51-C4555EB95514}.Debug|Any CPU.ActiveCfg = Debug|Any CPU
		{871C7880-8E1B-4CD9-8D51-C4555EB95514}.Debug|Any CPU.Build.0 = Debug|Any CPU
		{871C7880-8E1B-4CD9-8D51-C4555EB95514}.Release|Any CPU.ActiveCfg = Release|Any CPU
		{871C7880-8E1B-4CD9-8D51-C4555EB95514}.Release|Any CPU.Build.0 = Release|Any CPU
	EndGlobalSection
	GlobalSection(SolutionProperties) = preSolution
		HideSolutionNode = FALSE
	EndGlobalSection
	GlobalSection(ExtensibilityGlobals) = postSolution
		SolutionGuid = {DB1505B7-3131-45C5-8DB7-BF92DA380D4D}
	EndGlobalSection
EndGlobal
